
Microsoft Visual Studio Solution File, Format Version 12.00
# Visual Studio Version 17
VisualStudioVersion = 17.1.32414.318
MinimumVisualStudioVersion = 10.0.40219.1
Project("{FAE04EC0-301F-11D3-BF4B-00C04F79EFBC}") = "Lista_de_exercícios_extra", "Lista_de_exercícios_extra.csproj", "{F953D8DB-1528-43F2-98F9-12A2B770ED24}"
EndProject
Global
	GlobalSection(SolutionConfigurationPlatforms) = preSolution
		Debug|Any CPU = Debug|Any CPU
		Release|Any CPU = Release|Any CPU
	EndGlobalSection
	GlobalSection(ProjectConfigurationPlatforms) = postSolution
		{F953D8DB-1528-43F2-98F9-12A2B770ED24}.Debug|Any CPU.ActiveCfg = Debug|Any CPU
		{F953D8DB-1528-43F2-98F9-12A2B770ED24}.Debug|Any CPU.Build.0 = Debug|Any CPU
		{F953D8DB-1528-43F2-98F9-12A2B770ED24}.Release|Any CPU.ActiveCfg = Release|Any CPU
		{F953D8DB-1528-43F2-98F9-12A2B770ED24}.Release|Any CPU.Build.0 = Release|Any CPU
	EndGlobalSection
	GlobalSection(SolutionProperties) = preSolution
		HideSolutionNode = FALSE
	EndGlobalSection
	GlobalSection(ExtensibilityGlobals) = postSolution
		SolutionGuid = {3FB3C4AF-DFEA-45FE-B30C-9A1A1D599852}
	EndGlobalSection
EndGlobal
